{
  "name": "@my-module/menu",
  "version": "1.0.0",
  "lockfileVersion": 2,
  "requires": true,
  "packages": {
    "": {
      "name": "@my-module/menu",
      "version": "1.0.0",
      "license": "Apache-2.0",
      "dependencies": {
        "@spectrum-web-components/menu": "0.16.9"
      }
    },
    "node_modules/@floating-ui/core": {
      "version": "1.2.6",
      "resolved": "https://registry.npmjs.org/@floating-ui/core/-/core-1.2.6.tgz",
      "integrity": "sha512-EvYTiXet5XqweYGClEmpu3BoxmsQ4hkj3QaYA6qEnigCWffTP3vNRwBReTdrwDwo7OoJ3wM8Uoe9Uk4n+d4hfg=="
    },
    "node_modules/@floating-ui/dom": {
      "version": "1.2.6",
      "resolved": "https://registry.npmjs.org/@floating-ui/dom/-/dom-1.2.6.tgz",
      "integrity": "sha512-02vxFDuvuVPs22iJICacezYJyf7zwwOCWkPNkWNBr1U0Qt1cKFYzWvxts0AmqcOQGwt/3KJWcWIgtbUU38keyw==",
      "dependencies": {
        "@floating-ui/core": "^1.2.6"
      }
    },
    "node_modules/@lit-labs/observers": {
      "version": "1.1.0",
      "resolved": "https://registry.npmjs.org/@lit-labs/observers/-/observers-1.1.0.tgz",
      "integrity": "sha512-+MbK+OD+Io9MvGIKY8HVB7vQVOpYxruChlw52OzHjAPl+cBPK8i+MKQ2OvH02LakRYloEc6u/Nuvz6+e8+qAbA==",
      "dependencies": {
        "@lit/reactive-element": "^1.1.0"
      }
    },
    "node_modules/@lit-labs/ssr-dom-shim": {
      "version": "1.1.0",
      "resolved": "https://registry.npmjs.org/@lit-labs/ssr-dom-shim/-/ssr-dom-shim-1.1.0.tgz",
      "integrity": "sha512-92uQ5ARf7UXYrzaFcAX3T2rTvaS9Z1//ukV+DqjACM4c8s0ZBQd7ayJU5Dh2AFLD/Ayuyz4uMmxQec8q3U4Ong=="
    },
    "node_modules/@lit/reactive-element": {
      "version": "1.6.1",
      "resolved": "https://registry.npmjs.org/@lit/reactive-element/-/reactive-element-1.6.1.tgz",
      "integrity": "sha512-va15kYZr7KZNNPZdxONGQzpUr+4sxVu7V/VG7a8mRfPPXUyhEYj5RzXCQmGrlP3tAh0L3HHm5AjBMFYRqlM9SA==",
      "dependencies": {
        "@lit-labs/ssr-dom-shim": "^1.0.0"
      }
    },
    "node_modules/@spectrum-web-components/action-button": {
      "version": "0.10.15",
      "resolved": "https://registry.npmjs.org/@spectrum-web-components/action-button/-/action-button-0.10.15.tgz",
      "integrity": "sha512-55tBfORYY3F92QQaXTm/70NWDljnG3wo5GDC0t/Lu1KMDxWvz+PDgKGfqg2Sv330t1ZtEdkzZRXjaHgx2yAsMg==",
      "dependencies": {
        "@spectrum-web-components/base": "^0.7.5",
        "@spectrum-web-components/button": "^0.20.4",
        "@spectrum-web-components/icon": "^0.12.10",
        "@spectrum-web-components/icons-ui": "^0.9.11",
        "@spectrum-web-components/shared": "^0.15.6"
      }
    },
    "node_modules/@spectrum-web-components/base": {
      "version": "0.7.5",
      "resolved": "https://registry.npmjs.org/@spectrum-web-components/base/-/base-0.7.5.tgz",
      "integrity": "sha512-LCUg1mDYwg8rh2tETbAjcg0LGYqOLJc6PVWR0YZKjnIl2htRy2gr0ftEyx7Jx5MWAkPQgA662DYVilIno6ryAw==",
      "dependencies": {
        "lit": "^2.5.0"
      }
    },
    "node_modules/@spectrum-web-components/button": {
      "version": "0.20.4",
      "resolved": "https://registry.npmjs.org/@spectrum-web-components/button/-/button-0.20.4.tgz",
      "integrity": "sha512-vuQw2jCg3nfsfuWrtGwxh3zdQe2sWkBsHYBUKFzdIGOA3FSRLKf7SgUGrN2NRccKCZpjTBhP2GPjUocp9/ozXg==",
      "dependencies": {
        "@spectrum-web-components/base": "^0.7.5",
        "@spectrum-web-components/clear-button": "^0.2.8",
        "@spectrum-web-components/close-button": "^0.3.11",
        "@spectrum-web-components/icon": "^0.12.10",
        "@spectrum-web-components/icons-ui": "^0.9.11",
        "@spectrum-web-components/shared": "^0.15.6"
      }
    },
    "node_modules/@spectrum-web-components/clear-button": {
      "version": "0.2.8",
      "resolved": "https://registry.npmjs.org/@spectrum-web-components/clear-button/-/clear-button-0.2.8.tgz",
      "integrity": "sha512-TdH72UQFToJwsF+rGnBrQjQM/hfw75zNPjvkJ9RaGZmiS9woVIU49xLNPPw8jxkZ0M43QveeNY1p+jiKWmkQfA==",
      "dependencies": {
        "@spectrum-web-components/base": "^0.7.5"
      }
    },
    "node_modules/@spectrum-web-components/close-button": {
      "version": "0.3.11",
      "resolved": "https://registry.npmjs.org/@spectrum-web-components/close-button/-/close-button-0.3.11.tgz",
      "integrity": "sha512-hEg0CRpy/eqSBKYWOD3YqeUiXGL3SSBG89O3xxBGQJKBAZNllyCT9x0eeeTB68WUvHXna9iFs3fW8pjvFK1/Yw==",
      "dependencies": {
        "@spectrum-web-components/base": "^0.7.5"
      }
    },
    "node_modules/@spectrum-web-components/divider": {
      "version": "0.6.8",
      "resolved": "https://registry.npmjs.org/@spectrum-web-components/divider/-/divider-0.6.8.tgz",
      "integrity": "sha512-K/pxk5/icLBLT4BQVI56jcOc+NYM2r07Qs/KXH9UapCM2LaIHOxbtPgZGyh7cSgrEDB7P6pv1G/0sbMjGJ5pbg==",
      "dependencies": {
        "@spectrum-web-components/base": "^0.7.5"
      }
    },
    "node_modules/@spectrum-web-components/icon": {
      "version": "0.12.10",
      "resolved": "https://registry.npmjs.org/@spectrum-web-components/icon/-/icon-0.12.10.tgz",
      "integrity": "sha512-s/JYxDMLYizAMU9qN6Z72m2Y73QCYM6CNQkPeF2aEyxPzrZJBEWBuexDbEEt717+jsjZs2OpQvBS+dwvh/HyfA==",
      "dependencies": {
        "@spectrum-web-components/base": "^0.7.5",
        "@spectrum-web-components/iconset": "^0.7.7"
      }
    },
    "node_modules/@spectrum-web-components/icons-ui": {
      "version": "0.9.11",
      "resolved": "https://registry.npmjs.org/@spectrum-web-components/icons-ui/-/icons-ui-0.9.11.tgz",
      "integrity": "sha512-xzp6KT7piJY4g6yeJxuzND0h8YoDulasXKcV39uYYepB9hnMKAv5ReFYXR1Dh8x/KU8T04adEAD7ZVUM5c3u/Q==",
      "dependencies": {
        "@spectrum-web-components/base": "^0.7.5",
        "@spectrum-web-components/icon": "^0.12.10",
        "@spectrum-web-components/iconset": "^0.7.7"
      }
    },
    "node_modules/@spectrum-web-components/iconset": {
      "version": "0.7.7",
      "resolved": "https://registry.npmjs.org/@spectrum-web-components/iconset/-/iconset-0.7.7.tgz",
      "integrity": "sha512-Eh/d02ak2YMwVBm1QKu1U0WTuf1UaLVzQ4TEHXOozpnJX9Rt0eDnYrOQpXoz+lnhxnbhFbLy12GviPCVjlMFHA==",
      "dependencies": {
        "@spectrum-web-components/base": "^0.7.5"
      }
    },
    "node_modules/@spectrum-web-components/menu": {
      "version": "0.16.9",
      "resolved": "https://registry.npmjs.org/@spectrum-web-components/menu/-/menu-0.16.9.tgz",
      "integrity": "sha512-kRqr/mtex757/BJpqJPZio1CzJkRDOrwxeO24o+nbHvYPk124jGsrR73WgWCNvJqLVAS2XXdJbhbm84Fm2ptNg==",
      "dependencies": {
        "@lit-labs/observers": "^1.0.1",
        "@spectrum-web-components/action-button": "^0.10.8",
        "@spectrum-web-components/base": "^0.7.2",
        "@spectrum-web-components/divider": "^0.6.3",
        "@spectrum-web-components/icon": "^0.12.5",
        "@spectrum-web-components/icons-ui": "^0.9.5",
        "@spectrum-web-components/overlay": "^0.18.9",
        "@spectrum-web-components/shared": "^0.15.3"
      }
    },
    "node_modules/@spectrum-web-components/overlay": {
      "version": "0.18.11",
      "resolved": "https://registry.npmjs.org/@spectrum-web-components/overlay/-/overlay-0.18.11.tgz",
      "integrity": "sha512-7bywUXrlIM6SBjNGs7XcGtoCZZVAkFE7icECfMd3ZfxeLNbBnXCIL2FtiAHm2SNqkwjhBrQDcLy7ud3SOaTpOw==",
      "dependencies": {
        "@floating-ui/dom": "^1.1.0",
        "@spectrum-web-components/action-button": "^0.10.10",
        "@spectrum-web-components/base": "^0.7.4",
        "@spectrum-web-components/shared": "^0.15.5",
        "@spectrum-web-components/theme": "^0.14.10"
      }
    },
    "node_modules/@spectrum-web-components/shared": {
      "version": "0.15.6",
      "resolved": "https://registry.npmjs.org/@spectrum-web-components/shared/-/shared-0.15.6.tgz",
      "integrity": "sha512-khM6RNbx+yuFI/wR+r3KKlGBI4sw1kCbPKQ9FBvoL9roZEFAVPJljSua80vwlLKIMmY6TRPQRIQypN8H3NH9Jg==",
      "dependencies": {
        "@lit-labs/observers": "^1.0.1",
        "@spectrum-web-components/base": "^0.7.5",
        "focus-visible": "^5.1.0"
      }
    },
    "node_modules/@spectrum-web-components/styles": {
      "version": "0.23.3",
      "resolved": "https://registry.npmjs.org/@spectrum-web-components/styles/-/styles-0.23.3.tgz",
      "integrity": "sha512-qGGqIHaPsiSYkXd6zKMkPHH9ZTlEUmcPbzd+asm3SaNvQAJdftoqb+OT9mLRqGIIhS+dU+9JN+1Rgf0TzMgK6Q==",
      "dependencies": {
        "@spectrum-web-components/base": "^0.7.5"
      }
    },
    "node_modules/@spectrum-web-components/theme": {
      "version": "0.14.14",
      "resolved": "https://registry.npmjs.org/@spectrum-web-components/theme/-/theme-0.14.14.tgz",
      "integrity": "sha512-k0z0ndYA7RxF57/hGsWM49lfFYNw2C2RqiEzJHv+ReWzfMSSYv8IIMxovwF7Qv6KFszPrIB9PgYuh2loWKlRoQ==",
      "dependencies": {
        "@spectrum-web-components/base": "^0.7.5",
        "@spectrum-web-components/styles": "^0.23.3"
      }
    },
    "node_modules/@types/trusted-types": {
      "version": "2.0.3",
      "resolved": "https://registry.npmjs.org/@types/trusted-types/-/trusted-types-2.0.3.tgz",
      "integrity": "sha512-NfQ4gyz38SL8sDNrSixxU2Os1a5xcdFxipAFxYEuLUlvU2uDwS4NUpsImcf1//SlWItCVMMLiylsxbmNMToV/g=="
    },
    "node_modules/focus-visible": {
      "version": "5.2.0",
      "resolved": "https://registry.npmjs.org/focus-visible/-/focus-visible-5.2.0.tgz",
      "integrity": "sha512-Rwix9pBtC1Nuy5wysTmKy+UjbDJpIfg8eHjw0rjZ1mX4GNLz1Bmd16uDpI3Gk1i70Fgcs8Csg2lPm8HULFg9DQ=="
    },
    "node_modules/lit": {
      "version": "2.7.2",
      "resolved": "https://registry.npmjs.org/lit/-/lit-2.7.2.tgz",
      "integrity": "sha512-9QnZmG5mIKPRja96cpndMclLSi0Qrz2BXD6EbqNqCKMMjOWVm/BwAeXufFk2jqFsNmY07HOzU8X+8aTSVt3yrA==",
      "dependencies": {
        "@lit/reactive-element": "^1.6.0",
        "lit-element": "^3.3.0",
        "lit-html": "^2.7.0"
      }
    },
    "node_modules/lit-element": {
      "version": "3.3.1",
      "resolved": "https://registry.npmjs.org/lit-element/-/lit-element-3.3.1.tgz",
      "integrity": "sha512-Gl+2409uXWbf7n6cCl7Kzasm7zjT9xmdwi2BhLNi70sRKAgRkqueDu5mSIH3hPYMM0/vqBCdPXod3NbGkRA2ww==",
      "dependencies": {
        "@lit-labs/ssr-dom-shim": "^1.1.0",
        "@lit/reactive-element": "^1.3.0",
        "lit-html": "^2.7.0"
      }
    },
    "node_modules/lit-html": {
      "version": "2.7.2",
      "resolved": "https://registry.npmjs.org/lit-html/-/lit-html-2.7.2.tgz",
      "integrity": "sha512-ZJCfKlA2XELu5tn7XuzOziGFGvf1SeQm+ngLWoJ8bXtSkRrrR3ms6SWy+gsdxeYwySLij5xAhdd2C3EX0ftxdQ==",
      "dependencies": {
        "@types/trusted-types": "^2.0.2"
      }
    }
  },
  "dependencies": {
    "@floating-ui/core": {
      "version": "1.2.6",
      "resolved": "https://registry.npmjs.org/@floating-ui/core/-/core-1.2.6.tgz",
      "integrity": "sha512-EvYTiXet5XqweYGClEmpu3BoxmsQ4hkj3QaYA6qEnigCWffTP3vNRwBReTdrwDwo7OoJ3wM8Uoe9Uk4n+d4hfg=="
    },
    "@floating-ui/dom": {
      "version": "1.2.6",
      "resolved": "https://registry.npmjs.org/@floating-ui/dom/-/dom-1.2.6.tgz",
      "integrity": "sha512-02vxFDuvuVPs22iJICacezYJyf7zwwOCWkPNkWNBr1U0Qt1cKFYzWvxts0AmqcOQGwt/3KJWcWIgtbUU38keyw==",
      "requires": {
        "@floating-ui/core": "^1.2.6"
      }
    },
    "@lit-labs/observers": {
      "version": "1.1.0",
      "resolved": "https://registry.npmjs.org/@lit-labs/observers/-/observers-1.1.0.tgz",
      "integrity": "sha512-+MbK+OD+Io9MvGIKY8HVB7vQVOpYxruChlw52OzHjAPl+cBPK8i+MKQ2OvH02LakRYloEc6u/Nuvz6+e8+qAbA==",
      "requires": {
        "@lit/reactive-element": "^1.1.0"
      }
    },
    "@lit-labs/ssr-dom-shim": {
      "version": "1.1.0",
      "resolved": "https://registry.npmjs.org/@lit-labs/ssr-dom-shim/-/ssr-dom-shim-1.1.0.tgz",
      "integrity": "sha512-92uQ5ARf7UXYrzaFcAX3T2rTvaS9Z1//ukV+DqjACM4c8s0ZBQd7ayJU5Dh2AFLD/Ayuyz4uMmxQec8q3U4Ong=="
    },
    "@lit/reactive-element": {
      "version": "1.6.1",
      "resolved": "https://registry.npmjs.org/@lit/reactive-element/-/reactive-element-1.6.1.tgz",
      "integrity": "sha512-va15kYZr7KZNNPZdxONGQzpUr+4sxVu7V/VG7a8mRfPPXUyhEYj5RzXCQmGrlP3tAh0L3HHm5AjBMFYRqlM9SA==",
      "requires": {
        "@lit-labs/ssr-dom-shim": "^1.0.0"
      }
    },
    "@spectrum-web-components/action-button": {
      "version": "0.10.15",
      "resolved": "https://registry.npmjs.org/@spectrum-web-components/action-button/-/action-button-0.10.15.tgz",
      "integrity": "sha512-55tBfORYY3F92QQaXTm/70NWDljnG3wo5GDC0t/Lu1KMDxWvz+PDgKGfqg2Sv330t1ZtEdkzZRXjaHgx2yAsMg==",
      "requires": {
        "@spectrum-web-components/base": "^0.7.5",
        "@spectrum-web-components/button": "^0.20.4",
        "@spectrum-web-components/icon": "^0.12.10",
        "@spectrum-web-components/icons-ui": "^0.9.11",
        "@spectrum-web-components/shared": "^0.15.6"
      }
    },
    "@spectrum-web-components/base": {
      "version": "0.7.5",
      "resolved": "https://registry.npmjs.org/@spectrum-web-components/base/-/base-0.7.5.tgz",
      "integrity": "sha512-LCUg1mDYwg8rh2tETbAjcg0LGYqOLJc6PVWR0YZKjnIl2htRy2gr0ftEyx7Jx5MWAkPQgA662DYVilIno6ryAw==",
      "requires": {
        "lit": "^2.5.0"
      }
    },
    "@spectrum-web-components/button": {
      "version": "0.20.4",
      "resolved": "https://registry.npmjs.org/@spectrum-web-components/button/-/button-0.20.4.tgz",
      "integrity": "sha512-vuQw2jCg3nfsfuWrtGwxh3zdQe2sWkBsHYBUKFzdIGOA3FSRLKf7SgUGrN2NRccKCZpjTBhP2GPjUocp9/ozXg==",
      "requires": {
        "@spectrum-web-components/base": "^0.7.5",
        "@spectrum-web-components/clear-button": "^0.2.8",
        "@spectrum-web-components/close-button": "^0.3.11",
        "@spectrum-web-components/icon": "^0.12.10",
        "@spectrum-web-components/icons-ui": "^0.9.11",
        "@spectrum-web-components/shared": "^0.15.6"
      }
    },
    "@spectrum-web-components/clear-button": {
      "version": "0.2.8",
      "resolved": "https://registry.npmjs.org/@spectrum-web-components/clear-button/-/clear-button-0.2.8.tgz",
      "integrity": "sha512-TdH72UQFToJwsF+rGnBrQjQM/hfw75zNPjvkJ9RaGZmiS9woVIU49xLNPPw8jxkZ0M43QveeNY1p+jiKWmkQfA==",
      "requires": {
        "@spectrum-web-components/base": "^0.7.5"
      }
    },
    "@spectrum-web-components/close-button": {
      "version": "0.3.11",
      "resolved": "https://registry.npmjs.org/@spectrum-web-components/close-button/-/close-button-0.3.11.tgz",
      "integrity": "sha512-hEg0CRpy/eqSBKYWOD3YqeUiXGL3SSBG89O3xxBGQJKBAZNllyCT9x0eeeTB68WUvHXna9iFs3fW8pjvFK1/Yw==",
      "requires": {
        "@spectrum-web-components/base": "^0.7.5"
      }
    },
    "@spectrum-web-components/divider": {
      "version": "0.6.8",
      "resolved": "https://registry.npmjs.org/@spectrum-web-components/divider/-/divider-0.6.8.tgz",
      "integrity": "sha512-K/pxk5/icLBLT4BQVI56jcOc+NYM2r07Qs/KXH9UapCM2LaIHOxbtPgZGyh7cSgrEDB7P6pv1G/0sbMjGJ5pbg==",
      "requires": {
        "@spectrum-web-components/base": "^0.7.5"
      }
    },
    "@spectrum-web-components/icon": {
      "version": "0.12.10",
      "resolved": "https://registry.npmjs.org/@spectrum-web-components/icon/-/icon-0.12.10.tgz",
      "integrity": "sha512-s/JYxDMLYizAMU9qN6Z72m2Y73QCYM6CNQkPeF2aEyxPzrZJBEWBuexDbEEt717+jsjZs2OpQvBS+dwvh/HyfA==",
      "requires": {
        "@spectrum-web-components/base": "^0.7.5",
        "@spectrum-web-components/iconset": "^0.7.7"
      }
    },
    "@spectrum-web-components/icons-ui": {
      "version": "0.9.11",
      "resolved": "https://registry.npmjs.org/@spectrum-web-components/icons-ui/-/icons-ui-0.9.11.tgz",
      "integrity": "sha512-xzp6KT7piJY4g6yeJxuzND0h8YoDulasXKcV39uYYepB9hnMKAv5ReFYXR1Dh8x/KU8T04adEAD7ZVUM5c3u/Q==",
      "requires": {
        "@spectrum-web-components/base": "^0.7.5",
        "@spectrum-web-components/icon": "^0.12.10",
        "@spectrum-web-components/iconset": "^0.7.7"
      }
    },
    "@spectrum-web-components/iconset": {
      "version": "0.7.7",
      "resolved": "https://registry.npmjs.org/@spectrum-web-components/iconset/-/iconset-0.7.7.tgz",
      "integrity": "sha512-Eh/d02ak2YMwVBm1QKu1U0WTuf1UaLVzQ4TEHXOozpnJX9Rt0eDnYrOQpXoz+lnhxnbhFbLy12GviPCVjlMFHA==",
      "requires": {
        "@spectrum-web-components/base": "^0.7.5"
      }
    },
    "@spectrum-web-components/menu": {
      "version": "0.16.9",
      "resolved": "https://registry.npmjs.org/@spectrum-web-components/menu/-/menu-0.16.9.tgz",
      "integrity": "sha512-kRqr/mtex757/BJpqJPZio1CzJkRDOrwxeO24o+nbHvYPk124jGsrR73WgWCNvJqLVAS2XXdJbhbm84Fm2ptNg==",
      "requires": {
        "@lit-labs/observers": "^1.0.1",
        "@spectrum-web-components/action-button": "^0.10.8",
        "@spectrum-web-components/base": "^0.7.2",
        "@spectrum-web-components/divider": "^0.6.3",
        "@spectrum-web-components/icon": "^0.12.5",
        "@spectrum-web-components/icons-ui": "^0.9.5",
        "@spectrum-web-components/overlay": "^0.18.9",
        "@spectrum-web-components/shared": "^0.15.3"
      }
    },
    "@spectrum-web-components/overlay": {
      "version": "0.18.11",
      "resolved": "https://registry.npmjs.org/@spectrum-web-components/overlay/-/overlay-0.18.11.tgz",
      "integrity": "sha512-7bywUXrlIM6SBjNGs7XcGtoCZZVAkFE7icECfMd3ZfxeLNbBnXCIL2FtiAHm2SNqkwjhBrQDcLy7ud3SOaTpOw==",
      "requires": {
        "@floating-ui/dom": "^1.1.0",
        "@spectrum-web-components/action-button": "^0.10.10",
        "@spectrum-web-components/base": "^0.7.4",
        "@spectrum-web-components/shared": "^0.15.5",
        "@spectrum-web-components/theme": "^0.14.10"
      }
    },
    "@spectrum-web-components/shared": {
      "version": "0.15.6",
      "resolved": "https://registry.npmjs.org/@spectrum-web-components/shared/-/shared-0.15.6.tgz",
      "integrity": "sha512-khM6RNbx+yuFI/wR+r3KKlGBI4sw1kCbPKQ9FBvoL9roZEFAVPJljSua80vwlLKIMmY6TRPQRIQypN8H3NH9Jg==",
      "requires": {
        "@lit-labs/observers": "^1.0.1",
        "@spectrum-web-components/base": "^0.7.5",
        "focus-visible": "^5.1.0"
      }
    },
    "@spectrum-web-components/styles": {
      "version": "0.23.3",
      "resolved": "https://registry.npmjs.org/@spectrum-web-components/styles/-/styles-0.23.3.tgz",
      "integrity": "sha512-qGGqIHaPsiSYkXd6zKMkPHH9ZTlEUmcPbzd+asm3SaNvQAJdftoqb+OT9mLRqGIIhS+dU+9JN+1Rgf0TzMgK6Q==",
      "requires": {
        "@spectrum-web-components/base": "^0.7.5"
      }
    },
    "@spectrum-web-components/theme": {
      "version": "0.14.14",
      "resolved": "https://registry.npmjs.org/@spectrum-web-components/theme/-/theme-0.14.14.tgz",
      "integrity": "sha512-k0z0ndYA7RxF57/hGsWM49lfFYNw2C2RqiEzJHv+ReWzfMSSYv8IIMxovwF7Qv6KFszPrIB9PgYuh2loWKlRoQ==",
      "requires": {
        "@spectrum-web-components/base": "^0.7.5",
        "@spectrum-web-components/styles": "^0.23.3"
      }
    },
    "@types/trusted-types": {
      "version": "2.0.3",
      "resolved": "https://registry.npmjs.org/@types/trusted-types/-/trusted-types-2.0.3.tgz",
      "integrity": "sha512-NfQ4gyz38SL8sDNrSixxU2Os1a5xcdFxipAFxYEuLUlvU2uDwS4NUpsImcf1//SlWItCVMMLiylsxbmNMToV/g=="
    },
    "focus-visible": {
      "version": "5.2.0",
      "resolved": "https://registry.npmjs.org/focus-visible/-/focus-visible-5.2.0.tgz",
      "integrity": "sha512-Rwix9pBtC1Nuy5wysTmKy+UjbDJpIfg8eHjw0rjZ1mX4GNLz1Bmd16uDpI3Gk1i70Fgcs8Csg2lPm8HULFg9DQ=="
    },
    "lit": {
      "version": "2.7.2",
      "resolved": "https://registry.npmjs.org/lit/-/lit-2.7.2.tgz",
      "integrity": "sha512-9QnZmG5mIKPRja96cpndMclLSi0Qrz2BXD6EbqNqCKMMjOWVm/BwAeXufFk2jqFsNmY07HOzU8X+8aTSVt3yrA==",
      "requires": {
        "@lit/reactive-element": "^1.6.0",
        "lit-element": "^3.3.0",
        "lit-html": "^2.7.0"
      }
    },
    "lit-element": {
      "version": "3.3.1",
      "resolved": "https://registry.npmjs.org/lit-element/-/lit-element-3.3.1.tgz",
      "integrity": "sha512-Gl+2409uXWbf7n6cCl7Kzasm7zjT9xmdwi2BhLNi70sRKAgRkqueDu5mSIH3hPYMM0/vqBCdPXod3NbGkRA2ww==",
      "requires": {
        "@lit-labs/ssr-dom-shim": "^1.1.0",
        "@lit/reactive-element": "^1.3.0",
        "lit-html": "^2.7.0"
      }
    },
    "lit-html": {
      "version": "2.7.2",
      "resolved": "https://registry.npmjs.org/lit-html/-/lit-html-2.7.2.tgz",
      "integrity": "sha512-ZJCfKlA2XELu5tn7XuzOziGFGvf1SeQm+ngLWoJ8bXtSkRrrR3ms6SWy+gsdxeYwySLij5xAhdd2C3EX0ftxdQ==",
      "requires": {
        "@types/trusted-types": "^2.0.2"
      }
    }
  }
}
